
Microsoft Visual Studio Solution File, Format Version 12.00
# Visual Studio 2017
Project("{FAE04EC0-301F-11D3-BF4B-00C04F79EFBC}") = "BattleFlight", "BattleFlight.csproj", "{B32020DF-A119-39A1-51F7-7294CBE574B7}"
EndProject
Project("{FAE04EC0-301F-11D3-BF4B-00C04F79EFBC}") = "BattleFlight.Editor", "BattleFlight.Editor.csproj", "{191068AF-F73B-86E8-CB73-F8B05B78F468}"
EndProject
Global
	GlobalSection(SolutionConfigurationPlatforms) = preSolution
		Debug|Any CPU = Debug|Any CPU
		Release|Any CPU = Release|Any CPU
	EndGlobalSection
	GlobalSection(ProjectConfigurationPlatforms) = postSolution
		{B32020DF-A119-39A1-51F7-7294CBE574B7}.Debug|Any CPU.ActiveCfg = Debug|Any CPU
		{B32020DF-A119-39A1-51F7-7294CBE574B7}.Debug|Any CPU.Build.0 = Debug|Any CPU
		{B32020DF-A119-39A1-51F7-7294CBE574B7}.Release|Any CPU.ActiveCfg = Release|Any CPU
		{B32020DF-A119-39A1-51F7-7294CBE574B7}.Release|Any CPU.Build.0 = Release|Any CPU
		{191068AF-F73B-86E8-CB73-F8B05B78F468}.Debug|Any CPU.ActiveCfg = Debug|Any CPU
		{191068AF-F73B-86E8-CB73-F8B05B78F468}.Debug|Any CPU.Build.0 = Debug|Any CPU
		{191068AF-F73B-86E8-CB73-F8B05B78F468}.Release|Any CPU.ActiveCfg = Release|Any CPU
		{191068AF-F73B-86E8-CB73-F8B05B78F468}.Release|Any CPU.Build.0 = Release|Any CPU
	EndGlobalSection
	GlobalSection(SolutionProperties) = preSolution
		HideSolutionNode = FALSE
	EndGlobalSection
EndGlobal
